
Microsoft Visual Studio Solution File, Format Version 12.00
# Visual Studio Version 17
VisualStudioVersion = 17.4.33213.308
MinimumVisualStudioVersion = 10.0.40219.1
Project("{9A19103F-16F7-4668-BE54-9A1E7A4F7556}") = "Estudos.API", "src\Estudos.API\Estudos.API.csproj", "{3A376C09-BDBF-4E38-9675-127D085D2D01}"
EndProject
Project("{9A19103F-16F7-4668-BE54-9A1E7A4F7556}") = "Estudos.Domain", "src\Estudos.Domain\Estudos.Domain.csproj", "{209CF6BB-1DD2-4EB2-9AFD-98917AE46540}"
EndProject
Project("{9A19103F-16F7-4668-BE54-9A1E7A4F7556}") = "Estudos.Infra.Data", "src\Estudos.Infra.Data\Estudos.Infra.Data.csproj", "{18003C05-BDDF-4EDA-920F-EBE228DBCB42}"
EndProject
Global
	GlobalSection(SolutionConfigurationPlatforms) = preSolution
		Debug|Any CPU = Debug|Any CPU
		Release|Any CPU = Release|Any CPU
	EndGlobalSection
	GlobalSection(ProjectConfigurationPlatforms) = postSolution
		{3A376C09-BDBF-4E38-9675-127D085D2D01}.Debug|Any CPU.ActiveCfg = Debug|Any CPU
		{3A376C09-BDBF-4E38-9675-127D085D2D01}.Debug|Any CPU.Build.0 = Debug|Any CPU
		{3A376C09-BDBF-4E38-9675-127D085D2D01}.Release|Any CPU.ActiveCfg = Release|Any CPU
		{3A376C09-BDBF-4E38-9675-127D085D2D01}.Release|Any CPU.Build.0 = Release|Any CPU
		{209CF6BB-1DD2-4EB2-9AFD-98917AE46540}.Debug|Any CPU.ActiveCfg = Debug|Any CPU
		{209CF6BB-1DD2-4EB2-9AFD-98917AE46540}.Debug|Any CPU.Build.0 = Debug|Any CPU
		{209CF6BB-1DD2-4EB2-9AFD-98917AE46540}.Release|Any CPU.ActiveCfg = Release|Any CPU
		{209CF6BB-1DD2-4EB2-9AFD-98917AE46540}.Release|Any CPU.Build.0 = Release|Any CPU
		{18003C05-BDDF-4EDA-920F-EBE228DBCB42}.Debug|Any CPU.ActiveCfg = Debug|Any CPU
		{18003C05-BDDF-4EDA-920F-EBE228DBCB42}.Debug|Any CPU.Build.0 = Debug|Any CPU
		{18003C05-BDDF-4EDA-920F-EBE228DBCB42}.Release|Any CPU.ActiveCfg = Release|Any CPU
		{18003C05-BDDF-4EDA-920F-EBE228DBCB42}.Release|Any CPU.Build.0 = Release|Any CPU
	EndGlobalSection
	GlobalSection(SolutionProperties) = preSolution
		HideSolutionNode = FALSE
	EndGlobalSection
	GlobalSection(ExtensibilityGlobals) = postSolution
		SolutionGuid = {ED195896-33E5-4FEA-BA22-78BFC63DA8C0}
	EndGlobalSection
EndGlobal
